
Microsoft Visual Studio Solution File, Format Version 12.00
# Visual Studio Version 16
VisualStudioVersion = 16.0.29911.84
MinimumVisualStudioVersion = 10.0.40219.1
Project("{8BC9CEB8-8B4A-11D0-8D11-00A0C91BC942}") = "14_Knapsack", "14_Knapsack.vcxproj", "{2B91F485-BC60-4433-8EAD-0627B61A16E1}"
EndProject
Project("{8BC9CEB8-8B4A-11D0-8D11-00A0C91BC942}") = "Final_1", "Final_1\Final_1.vcxproj", "{4FD7993F-44C5-40D6-A706-442497F6B083}"
EndProject
Global
	GlobalSection(SolutionConfigurationPlatforms) = preSolution
		Debug|x64 = Debug|x64
		Debug|x86 = Debug|x86
		Release|x64 = Release|x64
		Release|x86 = Release|x86
	EndGlobalSection
	GlobalSection(ProjectConfigurationPlatforms) = postSolution
		{2B91F485-BC60-4433-8EAD-0627B61A16E1}.Debug|x64.ActiveCfg = Debug|x64
		{2B91F485-BC60-4433-8EAD-0627B61A16E1}.Debug|x64.Build.0 = Debug|x64
		{2B91F485-BC60-4433-8EAD-0627B61A16E1}.Debug|x86.ActiveCfg = Debug|Win32
		{2B91F485-BC60-4433-8EAD-0627B61A16E1}.Release|x64.ActiveCfg = Release|x64
		{2B91F485-BC60-4433-8EAD-0627B61A16E1}.Release|x64.Build.0 = Release|x64
		{2B91F485-BC60-4433-8EAD-0627B61A16E1}.Release|x86.ActiveCfg = Release|Win32
		{2B91F485-BC60-4433-8EAD-0627B61A16E1}.Release|x86.Build.0 = Release|Win32
		{4FD7993F-44C5-40D6-A706-442497F6B083}.Debug|x64.ActiveCfg = Debug|x64
		{4FD7993F-44C5-40D6-A706-442497F6B083}.Debug|x64.Build.0 = Debug|x64
		{4FD7993F-44C5-40D6-A706-442497F6B083}.Debug|x86.ActiveCfg = Debug|Win32
		{4FD7993F-44C5-40D6-A706-442497F6B083}.Debug|x86.Build.0 = Debug|Win32
		{4FD7993F-44C5-40D6-A706-442497F6B083}.Release|x64.ActiveCfg = Release|x64
		{4FD7993F-44C5-40D6-A706-442497F6B083}.Release|x64.Build.0 = Release|x64
		{4FD7993F-44C5-40D6-A706-442497F6B083}.Release|x86.ActiveCfg = Release|Win32
		{4FD7993F-44C5-40D6-A706-442497F6B083}.Release|x86.Build.0 = Release|Win32
	EndGlobalSection
	GlobalSection(SolutionProperties) = preSolution
		HideSolutionNode = FALSE
	EndGlobalSection
	GlobalSection(ExtensibilityGlobals) = postSolution
		SolutionGuid = {05FA080F-E8D6-4A0C-97D8-4B49AC6BD393}
	EndGlobalSection
EndGlobal
