
Microsoft Visual Studio Solution File, Format Version 12.00
# Visual Studio Version 16
VisualStudioVersion = 16.0.29911.84
MinimumVisualStudioVersion = 10.0.40219.1
Project("{8BC9CEB8-8B4A-11D0-8D11-00A0C91BC942}") = "15_Clustering", "15_Clustering.vcxproj", "{F0676089-3A30-45F9-AB2B-0563C4C17BC7}"
EndProject
Project("{8BC9CEB8-8B4A-11D0-8D11-00A0C91BC942}") = "Final_2", "..\Final_2\Final_2.vcxproj", "{39C220EE-41ED-4372-96E0-BF192FE786DA}"
EndProject
Project("{8BC9CEB8-8B4A-11D0-8D11-00A0C91BC942}") = "Final_2_read_csv", "..\Final_2_read_csv\Final_2_read_csv.vcxproj", "{A58458D5-01B6-4689-B2B6-15AE2CCF20F0}"
EndProject
Global
	GlobalSection(SolutionConfigurationPlatforms) = preSolution
		Debug|x64 = Debug|x64
		Debug|x86 = Debug|x86
		Release|x64 = Release|x64
		Release|x86 = Release|x86
	EndGlobalSection
	GlobalSection(ProjectConfigurationPlatforms) = postSolution
		{F0676089-3A30-45F9-AB2B-0563C4C17BC7}.Debug|x64.ActiveCfg = Debug|x64
		{F0676089-3A30-45F9-AB2B-0563C4C17BC7}.Debug|x64.Build.0 = Debug|x64
		{F0676089-3A30-45F9-AB2B-0563C4C17BC7}.Debug|x86.ActiveCfg = Debug|Win32
		{F0676089-3A30-45F9-AB2B-0563C4C17BC7}.Release|x64.ActiveCfg = Release|x64
		{F0676089-3A30-45F9-AB2B-0563C4C17BC7}.Release|x64.Build.0 = Release|x64
		{F0676089-3A30-45F9-AB2B-0563C4C17BC7}.Release|x86.ActiveCfg = Release|Win32
		{F0676089-3A30-45F9-AB2B-0563C4C17BC7}.Release|x86.Build.0 = Release|Win32
		{39C220EE-41ED-4372-96E0-BF192FE786DA}.Debug|x64.ActiveCfg = Debug|x64
		{39C220EE-41ED-4372-96E0-BF192FE786DA}.Debug|x64.Build.0 = Debug|x64
		{39C220EE-41ED-4372-96E0-BF192FE786DA}.Debug|x86.ActiveCfg = Debug|Win32
		{39C220EE-41ED-4372-96E0-BF192FE786DA}.Release|x64.ActiveCfg = Release|x64
		{39C220EE-41ED-4372-96E0-BF192FE786DA}.Release|x64.Build.0 = Release|x64
		{39C220EE-41ED-4372-96E0-BF192FE786DA}.Release|x86.ActiveCfg = Release|Win32
		{39C220EE-41ED-4372-96E0-BF192FE786DA}.Release|x86.Build.0 = Release|Win32
		{A58458D5-01B6-4689-B2B6-15AE2CCF20F0}.Debug|x64.ActiveCfg = Debug|x64
		{A58458D5-01B6-4689-B2B6-15AE2CCF20F0}.Debug|x64.Build.0 = Debug|x64
		{A58458D5-01B6-4689-B2B6-15AE2CCF20F0}.Debug|x86.ActiveCfg = Debug|Win32
		{A58458D5-01B6-4689-B2B6-15AE2CCF20F0}.Debug|x86.Build.0 = Debug|Win32
		{A58458D5-01B6-4689-B2B6-15AE2CCF20F0}.Release|x64.ActiveCfg = Release|x64
		{A58458D5-01B6-4689-B2B6-15AE2CCF20F0}.Release|x64.Build.0 = Release|x64
		{A58458D5-01B6-4689-B2B6-15AE2CCF20F0}.Release|x86.ActiveCfg = Release|Win32
		{A58458D5-01B6-4689-B2B6-15AE2CCF20F0}.Release|x86.Build.0 = Release|Win32
	EndGlobalSection
	GlobalSection(SolutionProperties) = preSolution
		HideSolutionNode = FALSE
	EndGlobalSection
	GlobalSection(ExtensibilityGlobals) = postSolution
		SolutionGuid = {A1E0B2D8-0100-47C6-821B-47660D00F01B}
	EndGlobalSection
EndGlobal
