
Microsoft Visual Studio Solution File, Format Version 12.00
# Visual Studio Version 16
VisualStudioVersion = 16.0.30711.63
MinimumVisualStudioVersion = 10.0.40219.1
Project("{8BC9CEB8-8B4A-11D0-8D11-00A0C91BC942}") = "11_Selection", "11_Selection.vcxproj", "{33FD5C73-3471-48D6-9F11-69463CCC0893}"
EndProject
Global
	GlobalSection(SolutionConfigurationPlatforms) = preSolution
		Debug|x64 = Debug|x64
		Debug|x86 = Debug|x86
		Release|x64 = Release|x64
		Release|x86 = Release|x86
	EndGlobalSection
	GlobalSection(ProjectConfigurationPlatforms) = postSolution
		{33FD5C73-3471-48D6-9F11-69463CCC0893}.Debug|x64.ActiveCfg = Debug|x64
		{33FD5C73-3471-48D6-9F11-69463CCC0893}.Debug|x64.Build.0 = Debug|x64
		{33FD5C73-3471-48D6-9F11-69463CCC0893}.Debug|x86.ActiveCfg = Debug|Win32
		{33FD5C73-3471-48D6-9F11-69463CCC0893}.Debug|x86.Build.0 = Debug|Win32
		{33FD5C73-3471-48D6-9F11-69463CCC0893}.Release|x64.ActiveCfg = Release|x64
		{33FD5C73-3471-48D6-9F11-69463CCC0893}.Release|x64.Build.0 = Release|x64
		{33FD5C73-3471-48D6-9F11-69463CCC0893}.Release|x86.ActiveCfg = Release|Win32
		{33FD5C73-3471-48D6-9F11-69463CCC0893}.Release|x86.Build.0 = Release|Win32
	EndGlobalSection
	GlobalSection(SolutionProperties) = preSolution
		HideSolutionNode = FALSE
	EndGlobalSection
	GlobalSection(ExtensibilityGlobals) = postSolution
		SolutionGuid = {C3C17588-9532-412B-939E-92DE6FF0A935}
	EndGlobalSection
EndGlobal
